{
  "name": "liamkouch.github.io",
  "lockfileVersion": 2,
  "requires": true,
  "packages": {
    "": {
      "dependencies": {
        "latex.css": "^1.9.0"
      }
    },
    "node_modules/latex.css": {
      "version": "1.9.0",
      "resolved": "https://registry.npmjs.org/latex.css/-/latex.css-1.9.0.tgz",
      "integrity": "sha512-S4UPNtvcYGpHVU9aBgpdz7eWfTo3rpynL+GXZQ9bbE1G7k4bI7o+m6P0hm5NsPdsfIXGNEoKxkISuxZYC6hjyA=="
    }
  },
  "dependencies": {
    "latex.css": {
      "version": "1.9.0",
      "resolved": "https://registry.npmjs.org/latex.css/-/latex.css-1.9.0.tgz",
      "integrity": "sha512-S4UPNtvcYGpHVU9aBgpdz7eWfTo3rpynL+GXZQ9bbE1G7k4bI7o+m6P0hm5NsPdsfIXGNEoKxkISuxZYC6hjyA=="
    }
  }
}
